Microsoft Visual Studio Solution File, Format Version 12.00
# Visual Studio Version 17
VisualStudioVersion = 17.5.2.0
MinimumVisualStudioVersion = 10.0.40219.1
Project("{FAE04EC0-301F-11D3-BF4B-00C04F79EFBC}") = "WorkoutTrackerApp", "WorkoutTrackerApp.csproj", "{4FCA5C25-14A0-395D-BBC5-7303F1BE922C}"
EndProject
Global
	GlobalSection(SolutionConfigurationPlatforms) = preSolution
		Debug|Any CPU = Debug|Any CPU
		Release|Any CPU = Release|Any CPU
	EndGlobalSection
	GlobalSection(ProjectConfigurationPlatforms) = postSolution
		{4FCA5C25-14A0-395D-BBC5-7303F1BE922C}.Debug|Any CPU.ActiveCfg = Debug|Any CPU
		{4FCA5C25-14A0-395D-BBC5-7303F1BE922C}.Debug|Any CPU.Build.0 = Debug|Any CPU
		{4FCA5C25-14A0-395D-BBC5-7303F1BE922C}.Release|Any CPU.ActiveCfg = Release|Any CPU
		{4FCA5C25-14A0-395D-BBC5-7303F1BE922C}.Release|Any CPU.Build.0 = Release|Any CPU
	EndGlobalSection
	GlobalSection(SolutionProperties) = preSolution
		HideSolutionNode = FALSE
	EndGlobalSection
	GlobalSection(ExtensibilityGlobals) = postSolution
		SolutionGuid = {C8727854-D68B-4C73-B9BB-53358807F669}
	EndGlobalSection
EndGlobal
